{
  "nodes": {
    "disko": {
      "inputs": {
        "nixpkgs": [
          "nixpkgs"
        ]
      },
      "locked": {
        "lastModified": 1707524024,
        "narHash": "sha256-HmumZ8FuWAAYZrWUKm3N4G4h8nmZ5VUVX+vXLmCJNKM=",
        "owner": "nix-community",
        "repo": "disko",
        "rev": "d07de570ba05cec2807d058daaa044f6955720c7",
        "type": "github"
      },
      "original": {
        "owner": "nix-community",
        "repo": "disko",
        "type": "github"
      }
    },
    "nixpkgs": {
      "locked": {
        "lastModified": 1707907779,
        "narHash": "sha256-dtktfFJn+36yBkZ1mnQGdiDsqnzC9pXt/Ecpsui0hiY=",
        "owner": "NixOS",
        "repo": "nixpkgs",
        "rev": "c5e9528855e4e6feda2b16dec28de880ce774b93",
        "type": "github"
      },
      "original": {
        "owner": "NixOS",
        "ref": "nixpkgs-unstable",
        "repo": "nixpkgs",
        "type": "github"
      }
    },
    "root": {
      "inputs": {
        "disko": "disko",
        "nixpkgs": "nixpkgs"
      }
    }
  },
  "root": "root",
  "version": 7
}
